lockfileVersion: '6.0'

settings:
  autoInstallPeers: true
  excludeLinksFromLockfile: false

importers:

  .: {}

  packages/core:
    dependencies:
      inversify:
        specifier: ^6.0.3
        version: 6.0.3

  packages/react: {}

  packages/vue: {}

packages:

  /inversify@6.0.3:
    resolution: {integrity: sha512-s/svzcRQ/scaGUUyaVtFSL1dvOaRgyvE7VvpGcJwXmFz7CCzfSfxC/Uyl7iSHDEmBabJ2gbDES72DaygtMmwvg==}
    dev: false
